#MicroXplorer Configuration settings - do not modify
BootLoader.IPs=DDR,RCC,TAMP,UART4,SDMMC2
BootROM.IPs=RCC,TAMP,UART4
CAD.formats=
CAD.pinconfig=
CAD.provider=
CortexA7NS.IPs=BSEC,DDR,ETZPC,HSEM,IPCC,PWR,RCC,RTC,TAMP,GPIO,DMA,GIC,UART4,SDMMC2,USB_OTG_HS,USBH_HS1,I2C1,ETH1,LTDC,I2C4,GPU,TIM4,I2C2
CortexA7S.IPs=BSEC,DDR,ETZPC,HSEM,PWR,RCC,RNG1,RTC,TAMP,GIC\:I
CortexM4.IPs=IPCC,ETZPC,FREERTOS,HSEM,PWR,RCC,SYS\:I,GPIO,DMA,NVIC\:I
DDR.DDR_Frequency=533.0
DDR.DFITMG0=0x02060105
DDR.DRAMTMG0=0x121B2414
DDR.IPParameters=DDR_Frequency,RL,addrmap_col_b9,addrmap_col_b10,addrmap_col_b11,addrmap_bank_b0,addrmap_bank_b1,addrmap_bank_b2,addrmap_row_b0,addrmap_row_b1,addrmap_row_b2_10,addrmap_row_b11,addrmap_row_b12,addrmap_row_b13,addrmap_row_b14,addrmap_row_b15,DRAMTMG0,SCHED,DFITMG0
DDR.RL=8
DDR.SCHED=0x00000C01
DDR.addrmap_bank_b0=8
DDR.addrmap_bank_b1=8
DDR.addrmap_bank_b2=8
DDR.addrmap_col_b10=31
DDR.addrmap_col_b11=31
DDR.addrmap_col_b9=0
DDR.addrmap_row_b0=7
DDR.addrmap_row_b1=7
DDR.addrmap_row_b11=7
DDR.addrmap_row_b12=7
DDR.addrmap_row_b13=7
DDR.addrmap_row_b14=7
DDR.addrmap_row_b15=15
DDR.addrmap_row_b2_10=7
DDR_A0.GPIOParameters=PinAttribute
DDR_A0.Mode=DDR3
DDR_A0.PinAttribute=BootLoader,CortexA7S,CortexA7NS
DDR_A0.Signal=DDR_A0
DDR_A1.GPIOParameters=PinAttribute
DDR_A1.Mode=DDR3
DDR_A1.PinAttribute=BootLoader,CortexA7S,CortexA7NS
DDR_A1.Signal=DDR_A1
DDR_A10.GPIOParameters=PinAttribute
DDR_A10.Mode=DDR3
DDR_A10.PinAttribute=BootLoader,CortexA7S,CortexA7NS
DDR_A10.Signal=DDR_A10
DDR_A11.GPIOParameters=PinAttribute
DDR_A11.Mode=DDR3
DDR_A11.PinAttribute=BootLoader,CortexA7S,CortexA7NS
DDR_A11.Signal=DDR_A11
DDR_A12.GPIOParameters=PinAttribute
DDR_A12.Mode=8Gb_32bits
DDR_A12.PinAttribute=BootLoader,CortexA7S,CortexA7NS
DDR_A12.Signal=DDR_A12
DDR_A13.GPIOParameters=PinAttribute
DDR_A13.Mode=8Gb_32bits
DDR_A13.PinAttribute=BootLoader,CortexA7S,CortexA7NS
DDR_A13.Signal=DDR_A13
DDR_A14.GPIOParameters=PinAttribute
DDR_A14.Mode=8Gb_32bits
DDR_A14.PinAttribute=BootLoader,CortexA7S,CortexA7NS
DDR_A14.Signal=DDR_A14
DDR_A2.GPIOParameters=PinAttribute
DDR_A2.Mode=DDR3
DDR_A2.PinAttribute=BootLoader,CortexA7S,CortexA7NS
DDR_A2.Signal=DDR_A2
DDR_A3.GPIOParameters=PinAttribute
DDR_A3.Mode=DDR3
DDR_A3.PinAttribute=BootLoader,CortexA7S,CortexA7NS
DDR_A3.Signal=DDR_A3
DDR_A4.GPIOParameters=PinAttribute
DDR_A4.Mode=DDR3
DDR_A4.PinAttribute=BootLoader,CortexA7S,CortexA7NS
DDR_A4.Signal=DDR_A4
DDR_A5.GPIOParameters=PinAttribute
DDR_A5.Mode=DDR3
DDR_A5.PinAttribute=BootLoader,CortexA7S,CortexA7NS
DDR_A5.Signal=DDR_A5
DDR_A6.GPIOParameters=PinAttribute
DDR_A6.Mode=DDR3
DDR_A6.PinAttribute=BootLoader,CortexA7S,CortexA7NS
DDR_A6.Signal=DDR_A6
DDR_A7.GPIOParameters=PinAttribute
DDR_A7.Mode=DDR3
DDR_A7.PinAttribute=BootLoader,CortexA7S,CortexA7NS
DDR_A7.Signal=DDR_A7
DDR_A8.GPIOParameters=PinAttribute
DDR_A8.Mode=DDR3
DDR_A8.PinAttribute=BootLoader,CortexA7S,CortexA7NS
DDR_A8.Signal=DDR_A8
DDR_A9.GPIOParameters=PinAttribute
DDR_A9.Mode=DDR3
DDR_A9.PinAttribute=BootLoader,CortexA7S,CortexA7NS
DDR_A9.Signal=DDR_A9
DDR_ATO.GPIOParameters=PinAttribute
DDR_ATO.Mode=DDR3
DDR_ATO.PinAttribute=BootLoader,CortexA7S,CortexA7NS
DDR_ATO.Signal=DDR_ATO
DDR_BA0.GPIOParameters=PinAttribute
DDR_BA0.Mode=DDR3
DDR_BA0.PinAttribute=BootLoader,CortexA7S,CortexA7NS
DDR_BA0.Signal=DDR_BA0
DDR_BA1.GPIOParameters=PinAttribute
DDR_BA1.Mode=DDR3
DDR_BA1.PinAttribute=BootLoader,CortexA7S,CortexA7NS
DDR_BA1.Signal=DDR_BA1
DDR_BA2.GPIOParameters=PinAttribute
DDR_BA2.Mode=DDR3
DDR_BA2.PinAttribute=BootLoader,CortexA7S,CortexA7NS
DDR_BA2.Signal=DDR_BA2
DDR_CASN.GPIOParameters=PinAttribute
DDR_CASN.Mode=DDR3
DDR_CASN.PinAttribute=BootLoader,CortexA7S,CortexA7NS
DDR_CASN.Signal=DDR_CASN
DDR_CKE.GPIOParameters=PinAttribute
DDR_CKE.Mode=DDR3
DDR_CKE.PinAttribute=BootLoader,CortexA7S,CortexA7NS
DDR_CKE.Signal=DDR_CKE
DDR_CLKN.GPIOParameters=PinAttribute
DDR_CLKN.Mode=DDR3
DDR_CLKN.PinAttribute=BootLoader,CortexA7S,CortexA7NS
DDR_CLKN.Signal=DDR_CLKN
DDR_CLKP.GPIOParameters=PinAttribute
DDR_CLKP.Mode=DDR3
DDR_CLKP.PinAttribute=BootLoader,CortexA7S,CortexA7NS
DDR_CLKP.Signal=DDR_CLKP
DDR_CSN.GPIOParameters=PinAttribute
DDR_CSN.Mode=DDR3
DDR_CSN.PinAttribute=BootLoader,CortexA7S,CortexA7NS
DDR_CSN.Signal=DDR_CSN
DDR_DQ0.GPIOParameters=PinAttribute
DDR_DQ0.Mode=DDR3
DDR_DQ0.PinAttribute=BootLoader,CortexA7S,CortexA7NS
DDR_DQ0.Signal=DDR_DQ0
DDR_DQ1.GPIOParameters=PinAttribute
DDR_DQ1.Mode=DDR3
DDR_DQ1.PinAttribute=BootLoader,CortexA7S,CortexA7NS
DDR_DQ1.Signal=DDR_DQ1
DDR_DQ10.GPIOParameters=PinAttribute
DDR_DQ10.Mode=DDR3
DDR_DQ10.PinAttribute=BootLoader,CortexA7S,CortexA7NS
DDR_DQ10.Signal=DDR_DQ10
DDR_DQ11.GPIOParameters=PinAttribute
DDR_DQ11.Mode=DDR3
DDR_DQ11.PinAttribute=BootLoader,CortexA7S,CortexA7NS
DDR_DQ11.Signal=DDR_DQ11
DDR_DQ12.GPIOParameters=PinAttribute
DDR_DQ12.Mode=DDR3
DDR_DQ12.PinAttribute=BootLoader,CortexA7S,CortexA7NS
DDR_DQ12.Signal=DDR_DQ12
DDR_DQ13.GPIOParameters=PinAttribute
DDR_DQ13.Mode=DDR3
DDR_DQ13.PinAttribute=BootLoader,CortexA7S,CortexA7NS
DDR_DQ13.Signal=DDR_DQ13
DDR_DQ14.GPIOParameters=PinAttribute
DDR_DQ14.Mode=DDR3
DDR_DQ14.PinAttribute=BootLoader,CortexA7S,CortexA7NS
DDR_DQ14.Signal=DDR_DQ14
DDR_DQ15.GPIOParameters=PinAttribute
DDR_DQ15.Mode=DDR3
DDR_DQ15.PinAttribute=BootLoader,CortexA7S,CortexA7NS
DDR_DQ15.Signal=DDR_DQ15
DDR_DQ16.GPIOParameters=PinAttribute
DDR_DQ16.Mode=32bits
DDR_DQ16.PinAttribute=BootLoader,CortexA7S,CortexA7NS
DDR_DQ16.Signal=DDR_DQ16
DDR_DQ17.GPIOParameters=PinAttribute
DDR_DQ17.Mode=32bits
DDR_DQ17.PinAttribute=BootLoader,CortexA7S,CortexA7NS
DDR_DQ17.Signal=DDR_DQ17
DDR_DQ18.GPIOParameters=PinAttribute
DDR_DQ18.Mode=32bits
DDR_DQ18.PinAttribute=BootLoader,CortexA7S,CortexA7NS
DDR_DQ18.Signal=DDR_DQ18
DDR_DQ19.GPIOParameters=PinAttribute
DDR_DQ19.Mode=32bits
DDR_DQ19.PinAttribute=BootLoader,CortexA7S,CortexA7NS
DDR_DQ19.Signal=DDR_DQ19
DDR_DQ2.GPIOParameters=PinAttribute
DDR_DQ2.Mode=DDR3
DDR_DQ2.PinAttribute=BootLoader,CortexA7S,CortexA7NS
DDR_DQ2.Signal=DDR_DQ2
DDR_DQ20.GPIOParameters=PinAttribute
DDR_DQ20.Mode=32bits
DDR_DQ20.PinAttribute=BootLoader,CortexA7S,CortexA7NS
DDR_DQ20.Signal=DDR_DQ20
DDR_DQ21.GPIOParameters=PinAttribute
DDR_DQ21.Mode=32bits
DDR_DQ21.PinAttribute=BootLoader,CortexA7S,CortexA7NS
DDR_DQ21.Signal=DDR_DQ21
DDR_DQ22.GPIOParameters=PinAttribute
DDR_DQ22.Mode=32bits
DDR_DQ22.PinAttribute=BootLoader,CortexA7S,CortexA7NS
DDR_DQ22.Signal=DDR_DQ22
DDR_DQ23.GPIOParameters=PinAttribute
DDR_DQ23.Mode=32bits
DDR_DQ23.PinAttribute=BootLoader,CortexA7S,CortexA7NS
DDR_DQ23.Signal=DDR_DQ23
DDR_DQ24.GPIOParameters=PinAttribute
DDR_DQ24.Mode=32bits
DDR_DQ24.PinAttribute=BootLoader,CortexA7S,CortexA7NS
DDR_DQ24.Signal=DDR_DQ24
DDR_DQ25.GPIOParameters=PinAttribute
DDR_DQ25.Mode=32bits
DDR_DQ25.PinAttribute=BootLoader,CortexA7S,CortexA7NS
DDR_DQ25.Signal=DDR_DQ25
DDR_DQ26.GPIOParameters=PinAttribute
DDR_DQ26.Mode=32bits
DDR_DQ26.PinAttribute=BootLoader,CortexA7S,CortexA7NS
DDR_DQ26.Signal=DDR_DQ26
DDR_DQ27.GPIOParameters=PinAttribute
DDR_DQ27.Mode=32bits
DDR_DQ27.PinAttribute=BootLoader,CortexA7S,CortexA7NS
DDR_DQ27.Signal=DDR_DQ27
DDR_DQ28.GPIOParameters=PinAttribute
DDR_DQ28.Mode=32bits
DDR_DQ28.PinAttribute=BootLoader,CortexA7S,CortexA7NS
DDR_DQ28.Signal=DDR_DQ28
DDR_DQ29.GPIOParameters=PinAttribute
DDR_DQ29.Mode=32bits
DDR_DQ29.PinAttribute=BootLoader,CortexA7S,CortexA7NS
DDR_DQ29.Signal=DDR_DQ29
DDR_DQ3.GPIOParameters=PinAttribute
DDR_DQ3.Mode=DDR3
DDR_DQ3.PinAttribute=BootLoader,CortexA7S,CortexA7NS
DDR_DQ3.Signal=DDR_DQ3
DDR_DQ30.GPIOParameters=PinAttribute
DDR_DQ30.Mode=32bits
DDR_DQ30.PinAttribute=BootLoader,CortexA7S,CortexA7NS
DDR_DQ30.Signal=DDR_DQ30
DDR_DQ31.GPIOParameters=PinAttribute
DDR_DQ31.Mode=32bits
DDR_DQ31.PinAttribute=BootLoader,CortexA7S,CortexA7NS
DDR_DQ31.Signal=DDR_DQ31
DDR_DQ4.GPIOParameters=PinAttribute
DDR_DQ4.Mode=DDR3
DDR_DQ4.PinAttribute=BootLoader,CortexA7S,CortexA7NS
DDR_DQ4.Signal=DDR_DQ4
DDR_DQ5.GPIOParameters=PinAttribute
DDR_DQ5.Mode=DDR3
DDR_DQ5.PinAttribute=BootLoader,CortexA7S,CortexA7NS
DDR_DQ5.Signal=DDR_DQ5
DDR_DQ6.GPIOParameters=PinAttribute
DDR_DQ6.Mode=DDR3
DDR_DQ6.PinAttribute=BootLoader,CortexA7S,CortexA7NS
DDR_DQ6.Signal=DDR_DQ6
DDR_DQ7.GPIOParameters=PinAttribute
DDR_DQ7.Mode=DDR3
DDR_DQ7.PinAttribute=BootLoader,CortexA7S,CortexA7NS
DDR_DQ7.Signal=DDR_DQ7
DDR_DQ8.GPIOParameters=PinAttribute
DDR_DQ8.Mode=DDR3
DDR_DQ8.PinAttribute=BootLoader,CortexA7S,CortexA7NS
DDR_DQ8.Signal=DDR_DQ8
DDR_DQ9.GPIOParameters=PinAttribute
DDR_DQ9.Mode=DDR3
DDR_DQ9.PinAttribute=BootLoader,CortexA7S,CortexA7NS
DDR_DQ9.Signal=DDR_DQ9
DDR_DQM0.GPIOParameters=PinAttribute
DDR_DQM0.Mode=DDR3
DDR_DQM0.PinAttribute=BootLoader,CortexA7S,CortexA7NS
DDR_DQM0.Signal=DDR_DQM0
DDR_DQM1.GPIOParameters=PinAttribute
DDR_DQM1.Mode=DDR3
DDR_DQM1.PinAttribute=BootLoader,CortexA7S,CortexA7NS
DDR_DQM1.Signal=DDR_DQM1
DDR_DQM2.GPIOParameters=PinAttribute
DDR_DQM2.Mode=32bits
DDR_DQM2.PinAttribute=BootLoader,CortexA7S,CortexA7NS
DDR_DQM2.Signal=DDR_DQM2
DDR_DQM3.GPIOParameters=PinAttribute
DDR_DQM3.Mode=32bits
DDR_DQM3.PinAttribute=BootLoader,CortexA7S,CortexA7NS
DDR_DQM3.Signal=DDR_DQM3
DDR_DQS0N.GPIOParameters=PinAttribute
DDR_DQS0N.Mode=DDR3
DDR_DQS0N.PinAttribute=BootLoader,CortexA7S,CortexA7NS
DDR_DQS0N.Signal=DDR_DQS0N
DDR_DQS0P.GPIOParameters=PinAttribute
DDR_DQS0P.Mode=DDR3
DDR_DQS0P.PinAttribute=BootLoader,CortexA7S,CortexA7NS
DDR_DQS0P.Signal=DDR_DQS0P
DDR_DQS1N.GPIOParameters=PinAttribute
DDR_DQS1N.Mode=DDR3
DDR_DQS1N.PinAttribute=BootLoader,CortexA7S,CortexA7NS
DDR_DQS1N.Signal=DDR_DQS1N
DDR_DQS1P.GPIOParameters=PinAttribute
DDR_DQS1P.Mode=DDR3
DDR_DQS1P.PinAttribute=BootLoader,CortexA7S,CortexA7NS
DDR_DQS1P.Signal=DDR_DQS1P
DDR_DQS2N.GPIOParameters=PinAttribute
DDR_DQS2N.Mode=32bits
DDR_DQS2N.PinAttribute=BootLoader,CortexA7S,CortexA7NS
DDR_DQS2N.Signal=DDR_DQS2N
DDR_DQS2P.GPIOParameters=PinAttribute
DDR_DQS2P.Mode=32bits
DDR_DQS2P.PinAttribute=BootLoader,CortexA7S,CortexA7NS
DDR_DQS2P.Signal=DDR_DQS2P
DDR_DQS3N.GPIOParameters=PinAttribute
DDR_DQS3N.Mode=32bits
DDR_DQS3N.PinAttribute=BootLoader,CortexA7S,CortexA7NS
DDR_DQS3N.Signal=DDR_DQS3N
DDR_DQS3P.GPIOParameters=PinAttribute
DDR_DQS3P.Mode=32bits
DDR_DQS3P.PinAttribute=BootLoader,CortexA7S,CortexA7NS
DDR_DQS3P.Signal=DDR_DQS3P
DDR_DTO0.GPIOParameters=PinAttribute
DDR_DTO0.Mode=DDR3
DDR_DTO0.PinAttribute=BootLoader,CortexA7S,CortexA7NS
DDR_DTO0.Signal=DDR_DTO0
DDR_DTO1.GPIOParameters=PinAttribute
DDR_DTO1.Mode=DDR3
DDR_DTO1.PinAttribute=BootLoader,CortexA7S,CortexA7NS
DDR_DTO1.Signal=DDR_DTO1
DDR_ODT.GPIOParameters=PinAttribute
DDR_ODT.Mode=DDR3
DDR_ODT.PinAttribute=BootLoader,CortexA7S,CortexA7NS
DDR_ODT.Signal=DDR_ODT
DDR_RASN.GPIOParameters=PinAttribute
DDR_RASN.Mode=DDR3
DDR_RASN.PinAttribute=BootLoader,CortexA7S,CortexA7NS
DDR_RASN.Signal=DDR_RASN
DDR_RESETN.GPIOParameters=PinAttribute
DDR_RESETN.Mode=DDR3
DDR_RESETN.PinAttribute=BootLoader,CortexA7S,CortexA7NS
DDR_RESETN.Signal=DDR_RESETN
DDR_VREF.GPIOParameters=PinAttribute
DDR_VREF.Mode=DDR3
DDR_VREF.PinAttribute=BootLoader,CortexA7S,CortexA7NS
DDR_VREF.Signal=DDR_VREF
DDR_WEN.GPIOParameters=PinAttribute
DDR_WEN.Mode=DDR3
DDR_WEN.PinAttribute=BootLoader,CortexA7S,CortexA7NS
DDR_WEN.Signal=DDR_WEN
DDR_ZQ.GPIOParameters=PinAttribute
DDR_ZQ.Mode=DDR3
DDR_ZQ.PinAttribute=BootLoader,CortexA7S,CortexA7NS
DDR_ZQ.Signal=DDR_ZQ
File.Version=6
GIC.DMA1_Stream0_IRQn=true\:false\:High level
GIC.DMA1_Stream1_IRQn=true\:false\:High level
GIC.DMA1_Stream2_IRQn=true\:false\:High level
GIC.DMA1_Stream3_IRQn=true\:false\:High level
GIC.DMA1_Stream4_IRQn=true\:false\:High level
GIC.DMA1_Stream5_IRQn=true\:false\:High level
GIC.DMA1_Stream6_IRQn=true\:false\:High level
GIC.DMA1_Stream7_IRQn=true\:false\:High level
GIC.ETH1_IRQn=true\:false\:High level
GIC.ETH1_WKUP_IRQn=true\:false\:High level
GIC.GPU_IRQn=true\:false\:High level
GIC.I2C1_ER_IRQn=true\:false\:High level
GIC.I2C1_EV_IRQn=true\:false\:High level
GIC.I2C2_ER_IRQn=true\:false\:High level
GIC.I2C2_EV_IRQn=true\:false\:High level
GIC.I2C4_ER_IRQn=true\:false\:High level
GIC.I2C4_EV_IRQn=true\:false\:High level
GIC.IPCC_RX0_IRQn=true\:false\:High level
GIC.IPCC_TX0_IRQn=true\:false\:High level
GIC.LTDC_ER_IRQn=true\:false\:High level
GIC.LTDC_IRQn=true\:false\:High level
GIC.MDMA_IRQn=true\:false\:High level
GIC.OTG_IRQn=true\:false\:High level
GIC.RCC_IRQn=true\:false\:High level
GIC.RTC_WKUP_ALARM_IRQn=true\:false\:High level
GIC.SDMMC2_IRQn=true\:false\:High level
GIC.UART4_IRQn=true\:false\:High level
GIC.USBH_OHCI_IRQn=true\:false\:High level
GIC.WAKEUP_PIN_IRQn=true\:false\:High level
GPIO.groupedBy=
I2C1.IPParameters=Timing
I2C1.Timing=0x10C0ECFF
I2C4.IPParameters=Timing
I2C4.Timing=0x108082C4
KeepUserPlacement=false
Mcu.CPN=STM32MP157DAA1
Mcu.Context0=BootROM
Mcu.Context1=BootLoader
Mcu.Context2=CortexA7S
Mcu.Context3=CortexA7NS
Mcu.Context4=CortexM4
Mcu.ContextNb=5
Mcu.Family=STM32MP1
Mcu.IP0=BSEC
Mcu.IP1=DDR
Mcu.IP10=LTDC
Mcu.IP11=NVIC
Mcu.IP12=PWR
Mcu.IP13=RCC
Mcu.IP14=RNG1
Mcu.IP15=RTC
Mcu.IP16=SDMMC2
Mcu.IP17=SYS
Mcu.IP18=TAMP
Mcu.IP19=TIM4
Mcu.IP2=ETH1
Mcu.IP20=UART4
Mcu.IP21=USBH_HS1
Mcu.IP22=USB_OTG_HS
Mcu.IP3=ETZPC
Mcu.IP4=GIC
Mcu.IP5=GPU
Mcu.IP6=I2C1
Mcu.IP7=I2C2
Mcu.IP8=I2C4
Mcu.IP9=IPCC
Mcu.IPNb=23
Mcu.Name=STM32MP157DAAx
Mcu.Package=LFBGA448
Mcu.Pin0=PH5
Mcu.Pin1=PH4
Mcu.Pin10=DDR_DQ23
Mcu.Pin100=DDR_A4
Mcu.Pin101=DDR_DQ11
Mcu.Pin102=DDR_DQM1
Mcu.Pin103=DDR_DQS1P
Mcu.Pin104=PG5
Mcu.Pin105=PG11
Mcu.Pin106=DDR_A8
Mcu.Pin107=DDR_A6
Mcu.Pin108=DDR_DQ14
Mcu.Pin109=PA1
Mcu.Pin11=PK7
Mcu.Pin110=PF14
Mcu.Pin111=PB2
Mcu.Pin112=PD13
Mcu.Pin113=DDR_DQ12
Mcu.Pin114=DDR_DQ15
Mcu.Pin115=DDR_DQ24
Mcu.Pin116=PF15
Mcu.Pin117=DDR_DQ25
Mcu.Pin118=DDR_DQ31
Mcu.Pin119=DDR_DQ30
Mcu.Pin12=PK3
Mcu.Pin120=PC2
Mcu.Pin121=PE2
Mcu.Pin122=PB11
Mcu.Pin123=PA7
Mcu.Pin124=DDR_DQS3P
Mcu.Pin125=DDR_DQS3N
Mcu.Pin126=PG13
Mcu.Pin127=PG14
Mcu.Pin128=PB1
Mcu.Pin129=PC5
Mcu.Pin13=PJ14
Mcu.Pin130=USB_DM2
Mcu.Pin131=USB_DP1
Mcu.Pin132=DDR_ATO
Mcu.Pin133=DDR_DQ29
Mcu.Pin134=DDR_DQ28
Mcu.Pin135=DDR_DQM3
Mcu.Pin136=PA2
Mcu.Pin137=PC1
Mcu.Pin138=PG4
Mcu.Pin139=PB0
Mcu.Pin14=PJ12
Mcu.Pin140=PC4
Mcu.Pin141=USB_DP2
Mcu.Pin142=USB_DM1
Mcu.Pin143=DDR_VREF
Mcu.Pin144=DDR_DQ27
Mcu.Pin145=DDR_DQ26
Mcu.Pin146=VP_BSEC_VS_BSEC
Mcu.Pin147=VP_DDR_DDR3
Mcu.Pin148=VP_DDR_DDR_32_bits
Mcu.Pin149=VP_DDR_DDR3_32_8Gb
Mcu.Pin15=PD3
Mcu.Pin150=VP_ETZPC_VS_ETZPC
Mcu.Pin151=VP_GPU_VS_GPU
Mcu.Pin152=VP_IPCC_VS_IPCC
Mcu.Pin153=VP_PWR_V_PVD_IN
Mcu.Pin154=VP_RNG1_VS_RNG
Mcu.Pin155=VP_RTC_VS_RTC_Activate
Mcu.Pin156=VP_SYS_VS_Systick
Mcu.Pin157=VP_TAMP_VS_TAMP_Activate
Mcu.Pin158=VP_DMA_VS_DMA1_A7NS
Mcu.Pin159=VP_DMA_VS_DMA2_M4
Mcu.Pin16=PB15
Mcu.Pin160=VP_MDMA_VS_MDMA_A7NS_8
Mcu.Pin17=PA8
Mcu.Pin18=DDR_DQ19
Mcu.Pin19=DDR_DQ16
Mcu.Pin2=PK6
Mcu.Pin20=DDR_DQS2N
Mcu.Pin21=PK5
Mcu.Pin22=PJ15
Mcu.Pin23=PE5
Mcu.Pin24=PB4
Mcu.Pin25=DDR_DQS2P
Mcu.Pin26=DDR_DQM2
Mcu.Pin27=PI14
Mcu.Pin28=PK0
Mcu.Pin29=PG6
Mcu.Pin3=PK4
Mcu.Pin30=DDR_DQ22
Mcu.Pin31=DDR_DQ17
Mcu.Pin32=DDR_DQ18
Mcu.Pin33=PK1
Mcu.Pin34=PK2
Mcu.Pin35=DDR_DQ3
Mcu.Pin36=DDR_DQ0
Mcu.Pin37=DDR_DQ21
Mcu.Pin38=PI15
Mcu.Pin39=DDR_A7
Mcu.Pin4=PJ13
Mcu.Pin40=DDR_RESETN
Mcu.Pin41=DDR_DQ1
Mcu.Pin42=PZ4
Mcu.Pin43=DDR_A13
Mcu.Pin44=DDR_DQ7
Mcu.Pin45=DDR_DQM0
Mcu.Pin46=DDR_DQS0N
Mcu.Pin47=DDR_DQS0P
Mcu.Pin48=PI13
Mcu.Pin49=PI12
Mcu.Pin5=PE3
Mcu.Pin50=PZ5
Mcu.Pin51=PJ8
Mcu.Pin52=DDR_A9
Mcu.Pin53=DDR_A5
Mcu.Pin54=DDR_DQ5
Mcu.Pin55=DDR_DQ2
Mcu.Pin56=DDR_DQ6
Mcu.Pin57=PJ3
Mcu.Pin58=PJ0
Mcu.Pin59=PJ10
Mcu.Pin6=PA9
Mcu.Pin60=DDR_A2
Mcu.Pin61=DDR_A3
Mcu.Pin62=DDR_DQ4
Mcu.Pin63=PJ5
Mcu.Pin64=PJ4
Mcu.Pin65=PJ2
Mcu.Pin66=PJ11
Mcu.Pin67=DDR_BA2
Mcu.Pin68=DDR_A0
Mcu.Pin69=DDR_BA0
Mcu.Pin7=PB3
Mcu.Pin70=DDR_DTO1
Mcu.Pin71=DDR_ZQ
Mcu.Pin72=PJ9
Mcu.Pin73=PJ7
Mcu.Pin74=PJ6
Mcu.Pin75=PJ1
Mcu.Pin76=DDR_CSN
Mcu.Pin77=DDR_ODT
Mcu.Pin78=DDR_DTO0
Mcu.Pin79=DDR_A1
Mcu.Pin8=PB14
Mcu.Pin80=DDR_RASN
Mcu.Pin81=DDR_WEN
Mcu.Pin82=DDR_CASN
Mcu.Pin83=DDR_A10
Mcu.Pin84=DDR_A12
Mcu.Pin85=DDR_CLKP
Mcu.Pin86=DDR_CLKN
Mcu.Pin87=DDR_DQ8
Mcu.Pin88=PC14-OSC32_IN
Mcu.Pin89=PC15-OSC32_OUT
Mcu.Pin9=DDR_DQ20
Mcu.Pin90=DDR_A14
Mcu.Pin91=DDR_A11
Mcu.Pin92=DDR_DQ10
Mcu.Pin93=DDR_BA1
Mcu.Pin94=DDR_CKE
Mcu.Pin95=DDR_DQ13
Mcu.Pin96=DDR_DQ9
Mcu.Pin97=DDR_DQS1N
Mcu.Pin98=PH0-OSC_IN
Mcu.Pin99=PH1-OSC_OUT
Mcu.PinsNb=161
Mcu.ThirdPartyNb=0
Mcu.UserConstants=
Mcu.UserName=STM32MP157DAAx
MxCube.Version=6.15.0
MxDb.Version=DB.6.0.150
NVIC.BusFault_IRQn=true\:1\:0\:false\:false\:true\:false\:false\:false
NVIC.DebugMonitor_IRQn=true\:1\:0\:false\:false\:true\:false\:false\:false
NVIC.ForceEnableDMAVector=true
NVIC.HardFault_IRQn=true\:0\:0\:false\:false\:true\:false\:false\:false
NVIC.MemoryManagement_IRQn=true\:1\:0\:false\:false\:true\:false\:false\:false
NVIC.NonMaskableInt_IRQn=true\:0\:0\:false\:false\:true\:false\:false\:false
NVIC.PendSV_IRQn=true\:1\:0\:false\:false\:true\:false\:false\:false
NVIC.PriorityGroup=NVIC_PRIORITYGROUP_4
NVIC.RCC_WAKEUP_IRQn=true\:0\:0\:false\:false\:true\:false\:true\:true
NVIC.SVCall_IRQn=true\:1\:0\:false\:false\:true\:false\:false\:false
NVIC.SysTick_IRQn=true\:15\:0\:false\:false\:true\:false\:true\:false
NVIC.UsageFault_IRQn=true\:1\:0\:false\:false\:true\:false\:false\:false
PA1.GPIOParameters=PinAttribute
PA1.Locked=true
PA1.Mode=RGMII (Reduced GMII)
PA1.PinAttribute=CortexA7NS
PA1.Signal=ETH1_RX_CLK
PA2.GPIOParameters=PinAttribute
PA2.Mode=RGMII (Reduced GMII)
PA2.PinAttribute=CortexA7NS
PA2.Signal=ETH1_MDIO
PA7.GPIOParameters=PinAttribute
PA7.Locked=true
PA7.Mode=RGMII (Reduced GMII)
PA7.PinAttribute=CortexA7NS
PA7.Signal=ETH1_RX_CTL
PA8.GPIOParameters=GPIO_PuPd,PinAttribute
PA8.GPIO_PuPd=GPIO_PULLUP
PA8.Mode=mmc_8_bits_Wide_bus
PA8.PinAttribute=BootLoader,CortexA7NS
PA8.Signal=SDMMC2_D4
PA9.GPIOParameters=GPIO_PuPd,PinAttribute
PA9.GPIO_PuPd=GPIO_PULLUP
PA9.Mode=mmc_8_bits_Wide_bus
PA9.PinAttribute=BootLoader,CortexA7NS
PA9.Signal=SDMMC2_D5
PB0.GPIOParameters=PinAttribute
PB0.Locked=true
PB0.Mode=RGMII (Reduced GMII)
PB0.PinAttribute=CortexA7NS
PB0.Signal=ETH1_RXD2
PB1.GPIOParameters=PinAttribute
PB1.Locked=true
PB1.Mode=RGMII (Reduced GMII)
PB1.PinAttribute=CortexA7NS
PB1.Signal=ETH1_RXD3
PB11.GPIOParameters=PinAttribute
PB11.Mode=RGMII (Reduced GMII)
PB11.PinAttribute=CortexA7NS
PB11.Signal=ETH1_TX_CTL
PB14.GPIOParameters=GPIO_PuPd,PinAttribute
PB14.GPIO_PuPd=GPIO_PULLUP
PB14.Mode=mmc_8_bits_Wide_bus
PB14.PinAttribute=BootLoader,CortexA7NS
PB14.Signal=SDMMC2_D0
PB15.GPIOParameters=GPIO_PuPd,PinAttribute
PB15.GPIO_PuPd=GPIO_PULLUP
PB15.Mode=mmc_8_bits_Wide_bus
PB15.PinAttribute=BootLoader,CortexA7NS
PB15.Signal=SDMMC2_D1
PB2.GPIOParameters=PinAttribute
PB2.Locked=true
PB2.Mode=Asynchronous
PB2.PinAttribute=BootROM,BootLoader,CortexA7NS
PB2.Signal=UART4_RX
PB3.GPIOParameters=GPIO_PuPd,PinAttribute
PB3.GPIO_PuPd=GPIO_PULLUP
PB3.Mode=mmc_8_bits_Wide_bus
PB3.PinAttribute=BootLoader,CortexA7NS
PB3.Signal=SDMMC2_D2
PB4.GPIOParameters=GPIO_PuPd,PinAttribute
PB4.GPIO_PuPd=GPIO_PULLUP
PB4.Mode=mmc_8_bits_Wide_bus
PB4.PinAttribute=BootLoader,CortexA7NS
PB4.Signal=SDMMC2_D3
PC1.GPIOParameters=PinAttribute
PC1.Mode=RGMII (Reduced GMII)
PC1.PinAttribute=CortexA7NS
PC1.Signal=ETH1_MDC
PC14-OSC32_IN.GPIOParameters=PinAttribute
PC14-OSC32_IN.Mode=LSE-External-Oscillator
PC14-OSC32_IN.PinAttribute=BootROM,BootLoader,CortexA7S,CortexA7NS,CortexM4
PC14-OSC32_IN.Signal=RCC_OSC32_IN
PC15-OSC32_OUT.GPIOParameters=PinAttribute
PC15-OSC32_OUT.Mode=LSE-External-Oscillator
PC15-OSC32_OUT.PinAttribute=BootROM,BootLoader,CortexA7S,CortexA7NS,CortexM4
PC15-OSC32_OUT.Signal=RCC_OSC32_OUT
PC2.GPIOParameters=PinAttribute
PC2.Mode=RGMII (Reduced GMII)
PC2.PinAttribute=CortexA7NS
PC2.Signal=ETH1_TXD2
PC4.GPIOParameters=PinAttribute
PC4.Mode=RGMII (Reduced GMII)
PC4.PinAttribute=CortexA7NS
PC4.Signal=ETH1_RXD0
PC5.GPIOParameters=PinAttribute
PC5.Mode=RGMII (Reduced GMII)
PC5.PinAttribute=CortexA7NS
PC5.Signal=ETH1_RXD1
PD13.GPIOParameters=PinAttribute
PD13.Locked=true
PD13.PinAttribute=CortexA7NS
PD13.Signal=S_TIM4_CH2
PD3.GPIOParameters=GPIO_PuPd,PinAttribute
PD3.GPIO_PuPd=GPIO_PULLUP
PD3.Mode=mmc_8_bits_Wide_bus
PD3.PinAttribute=BootLoader,CortexA7NS
PD3.Signal=SDMMC2_D7
PE2.GPIOParameters=PinAttribute
PE2.Mode=RGMII (Reduced GMII)
PE2.PinAttribute=CortexA7NS
PE2.Signal=ETH1_TXD3
PE3.GPIOParameters=GPIO_PuPd,PinAttribute
PE3.GPIO_PuPd=GPIO_PULLUP
PE3.Mode=mmc_8_bits_Wide_bus
PE3.PinAttribute=BootLoader,CortexA7NS
PE3.Signal=SDMMC2_CK
PE5.GPIOParameters=GPIO_PuPd,PinAttribute
PE5.GPIO_PuPd=GPIO_PULLUP
PE5.Mode=mmc_8_bits_Wide_bus
PE5.PinAttribute=BootLoader,CortexA7NS
PE5.Signal=SDMMC2_D6
PF14.GPIOParameters=PinAttribute
PF14.Locked=true
PF14.Mode=I2C
PF14.PinAttribute=CortexA7NS
PF14.Signal=I2C1_SCL
PF15.GPIOParameters=PinAttribute
PF15.Locked=true
PF15.Mode=I2C
PF15.PinAttribute=CortexA7NS
PF15.Signal=I2C1_SDA
PG11.GPIOParameters=PinAttribute
PG11.Locked=true
PG11.Mode=Asynchronous
PG11.PinAttribute=BootROM,BootLoader,CortexA7NS
PG11.Signal=UART4_TX
PG13.GPIOParameters=PinAttribute
PG13.Mode=RGMII (Reduced GMII)
PG13.PinAttribute=CortexA7NS
PG13.Signal=ETH1_TXD0
PG14.GPIOParameters=PinAttribute
PG14.Locked=true
PG14.Mode=RGMII (Reduced GMII)
PG14.PinAttribute=CortexA7NS
PG14.Signal=ETH1_TXD1
PG4.GPIOParameters=PinAttribute
PG4.Mode=RGMII (Reduced GMII)
PG4.PinAttribute=CortexA7NS
PG4.Signal=ETH1_GTX_CLK
PG5.GPIOParameters=PinAttribute
PG5.Mode=ETH 125MHz Clock Input
PG5.PinAttribute=CortexA7NS
PG5.Signal=ETH1_CLK125
PG6.GPIOParameters=GPIO_PuPd,PinAttribute
PG6.GPIO_PuPd=GPIO_PULLUP
PG6.Mode=mmc_8_bits_Wide_bus
PG6.PinAttribute=BootLoader,CortexA7NS
PG6.Signal=SDMMC2_CMD
PH0-OSC_IN.GPIOParameters=PinAttribute
PH0-OSC_IN.Mode=HSE-DIG-External-Clock-Source
PH0-OSC_IN.PinAttribute=BootROM,BootLoader,CortexA7S,CortexA7NS,CortexM4
PH0-OSC_IN.Signal=RCC_OSC_IN
PH1-OSC_OUT.GPIOParameters=PinAttribute
PH1-OSC_OUT.Mode=HSE-DIG-External-Clock-Source
PH1-OSC_OUT.PinAttribute=BootROM,BootLoader,CortexA7S,CortexA7NS,CortexM4
PH1-OSC_OUT.Signal=RCC_OSC_OUT
PH4.GPIOParameters=PinAttribute
PH4.Mode=I2C
PH4.PinAttribute=CortexA7NS
PH4.Signal=I2C2_SCL
PH5.GPIOParameters=PinAttribute
PH5.Mode=I2C
PH5.PinAttribute=CortexA7NS
PH5.Signal=I2C2_SDA
PI12.GPIOParameters=GPIO_Speed,GPIO_PuPd,PinAttribute,GPIO_Mode
PI12.GPIO_Mode=GPIO_MODE_AF_PP
PI12.GPIO_PuPd=GPIO_NOPULL
PI12.GPIO_Speed=GPIO_SPEED_FREQ_LOW
PI12.Locked=true
PI12.Mode=RGB888
PI12.PinAttribute=CortexA7NS
PI12.Signal=LTDC_HSYNC
PI13.GPIOParameters=PinAttribute
PI13.Mode=RGB888
PI13.PinAttribute=CortexA7NS
PI13.Signal=LTDC_VSYNC
PI14.GPIOParameters=PinAttribute
PI14.Locked=true
PI14.Mode=RGB888
PI14.PinAttribute=CortexA7NS
PI14.Signal=LTDC_CLK
PI15.GPIOParameters=PinAttribute
PI15.Mode=RGB888
PI15.PinAttribute=CortexA7NS
PI15.Signal=LTDC_R0
PJ0.GPIOParameters=GPIO_Speed,GPIO_PuPd,PinAttribute,GPIO_Mode
PJ0.GPIO_Mode=GPIO_MODE_AF_PP
PJ0.GPIO_PuPd=GPIO_NOPULL
PJ0.GPIO_Speed=GPIO_SPEED_FREQ_LOW
PJ0.Locked=true
PJ0.Mode=RGB888
PJ0.PinAttribute=CortexA7NS
PJ0.Signal=LTDC_R1
PJ1.GPIOParameters=GPIO_Speed,GPIO_PuPd,PinAttribute,GPIO_Mode
PJ1.GPIO_Mode=GPIO_MODE_AF_PP
PJ1.GPIO_PuPd=GPIO_NOPULL
PJ1.GPIO_Speed=GPIO_SPEED_FREQ_LOW
PJ1.Locked=true
PJ1.Mode=RGB888
PJ1.PinAttribute=CortexA7NS
PJ1.Signal=LTDC_R2
PJ10.GPIOParameters=GPIO_Speed,GPIO_PuPd,PinAttribute,GPIO_Mode
PJ10.GPIO_Mode=GPIO_MODE_AF_PP
PJ10.GPIO_PuPd=GPIO_NOPULL
PJ10.GPIO_Speed=GPIO_SPEED_FREQ_LOW
PJ10.Locked=true
PJ10.Mode=RGB888
PJ10.PinAttribute=CortexA7NS
PJ10.Signal=LTDC_G3
PJ11.GPIOParameters=GPIO_Speed,GPIO_PuPd,PinAttribute,GPIO_Mode
PJ11.GPIO_Mode=GPIO_MODE_AF_PP
PJ11.GPIO_PuPd=GPIO_NOPULL
PJ11.GPIO_Speed=GPIO_SPEED_FREQ_LOW
PJ11.Locked=true
PJ11.Mode=RGB888
PJ11.PinAttribute=CortexA7NS
PJ11.Signal=LTDC_G4
PJ12.GPIOParameters=PinAttribute
PJ12.Mode=RGB888
PJ12.PinAttribute=CortexA7NS
PJ12.Signal=LTDC_B0
PJ13.GPIOParameters=PinAttribute
PJ13.Mode=RGB888
PJ13.PinAttribute=CortexA7NS
PJ13.Signal=LTDC_B1
PJ14.GPIOParameters=PinAttribute
PJ14.Mode=RGB888
PJ14.PinAttribute=CortexA7NS
PJ14.Signal=LTDC_B2
PJ15.GPIOParameters=GPIO_Speed,GPIO_PuPd,PinAttribute,GPIO_Mode
PJ15.GPIO_Mode=GPIO_MODE_AF_PP
PJ15.GPIO_PuPd=GPIO_NOPULL
PJ15.GPIO_Speed=GPIO_SPEED_FREQ_LOW
PJ15.Locked=true
PJ15.Mode=RGB888
PJ15.PinAttribute=CortexA7NS
PJ15.Signal=LTDC_B3
PJ2.GPIOParameters=GPIO_Speed,GPIO_PuPd,PinAttribute,GPIO_Mode
PJ2.GPIO_Mode=GPIO_MODE_AF_PP
PJ2.GPIO_PuPd=GPIO_NOPULL
PJ2.GPIO_Speed=GPIO_SPEED_FREQ_LOW
PJ2.Locked=true
PJ2.Mode=RGB888
PJ2.PinAttribute=CortexA7NS
PJ2.Signal=LTDC_R3
PJ3.GPIOParameters=GPIO_Speed,GPIO_PuPd,PinAttribute,GPIO_Mode
PJ3.GPIO_Mode=GPIO_MODE_AF_PP
PJ3.GPIO_PuPd=GPIO_NOPULL
PJ3.GPIO_Speed=GPIO_SPEED_FREQ_LOW
PJ3.Locked=true
PJ3.Mode=RGB888
PJ3.PinAttribute=CortexA7NS
PJ3.Signal=LTDC_R4
PJ4.GPIOParameters=GPIO_Speed,GPIO_PuPd,PinAttribute,GPIO_Mode
PJ4.GPIO_Mode=GPIO_MODE_AF_PP
PJ4.GPIO_PuPd=GPIO_NOPULL
PJ4.GPIO_Speed=GPIO_SPEED_FREQ_LOW
PJ4.Locked=true
PJ4.Mode=RGB888
PJ4.PinAttribute=CortexA7NS
PJ4.Signal=LTDC_R5
PJ5.GPIOParameters=GPIO_Speed,GPIO_PuPd,PinAttribute,GPIO_Mode
PJ5.GPIO_Mode=GPIO_MODE_AF_PP
PJ5.GPIO_PuPd=GPIO_NOPULL
PJ5.GPIO_Speed=GPIO_SPEED_FREQ_LOW
PJ5.Locked=true
PJ5.Mode=RGB888
PJ5.PinAttribute=CortexA7NS
PJ5.Signal=LTDC_R6
PJ6.GPIOParameters=GPIO_Speed,GPIO_PuPd,PinAttribute,GPIO_Mode
PJ6.GPIO_Mode=GPIO_MODE_AF_PP
PJ6.GPIO_PuPd=GPIO_NOPULL
PJ6.GPIO_Speed=GPIO_SPEED_FREQ_LOW
PJ6.Locked=true
PJ6.Mode=RGB888
PJ6.PinAttribute=CortexA7NS
PJ6.Signal=LTDC_R7
PJ7.GPIOParameters=GPIO_Speed,GPIO_PuPd,PinAttribute,GPIO_Mode
PJ7.GPIO_Mode=GPIO_MODE_AF_PP
PJ7.GPIO_PuPd=GPIO_NOPULL
PJ7.GPIO_Speed=GPIO_SPEED_FREQ_LOW
PJ7.Locked=true
PJ7.Mode=RGB888
PJ7.PinAttribute=CortexA7NS
PJ7.Signal=LTDC_G0
PJ8.GPIOParameters=GPIO_Speed,GPIO_PuPd,PinAttribute,GPIO_Mode
PJ8.GPIO_Mode=GPIO_MODE_AF_PP
PJ8.GPIO_PuPd=GPIO_NOPULL
PJ8.GPIO_Speed=GPIO_SPEED_FREQ_LOW
PJ8.Locked=true
PJ8.Mode=RGB888
PJ8.PinAttribute=CortexA7NS
PJ8.Signal=LTDC_G1
PJ9.GPIOParameters=GPIO_Speed,GPIO_PuPd,PinAttribute,GPIO_Mode
PJ9.GPIO_Mode=GPIO_MODE_AF_PP
PJ9.GPIO_PuPd=GPIO_NOPULL
PJ9.GPIO_Speed=GPIO_SPEED_FREQ_LOW
PJ9.Locked=true
PJ9.Mode=RGB888
PJ9.PinAttribute=CortexA7NS
PJ9.Signal=LTDC_G2
PK0.GPIOParameters=GPIO_Speed,GPIO_PuPd,PinAttribute,GPIO_Mode
PK0.GPIO_Mode=GPIO_MODE_AF_PP
PK0.GPIO_PuPd=GPIO_NOPULL
PK0.GPIO_Speed=GPIO_SPEED_FREQ_LOW
PK0.Locked=true
PK0.Mode=RGB888
PK0.PinAttribute=CortexA7NS
PK0.Signal=LTDC_G5
PK1.GPIOParameters=GPIO_Speed,GPIO_PuPd,PinAttribute,GPIO_Mode
PK1.GPIO_Mode=GPIO_MODE_AF_PP
PK1.GPIO_PuPd=GPIO_NOPULL
PK1.GPIO_Speed=GPIO_SPEED_FREQ_LOW
PK1.Locked=true
PK1.Mode=RGB888
PK1.PinAttribute=CortexA7NS
PK1.Signal=LTDC_G6
PK2.GPIOParameters=PinAttribute
PK2.Locked=true
PK2.Mode=RGB888
PK2.PinAttribute=CortexA7NS
PK2.Signal=LTDC_G7
PK3.GPIOParameters=PinAttribute
PK3.Mode=RGB888
PK3.PinAttribute=CortexA7NS
PK3.Signal=LTDC_B4
PK4.GPIOParameters=PinAttribute
PK4.Mode=RGB888
PK4.PinAttribute=CortexA7NS
PK4.Signal=LTDC_B5
PK5.GPIOParameters=PinAttribute
PK5.Mode=RGB888
PK5.PinAttribute=CortexA7NS
PK5.Signal=LTDC_B6
PK6.GPIOParameters=PinAttribute
PK6.Mode=RGB888
PK6.PinAttribute=CortexA7NS
PK6.Signal=LTDC_B7
PK7.GPIOParameters=GPIO_Speed,GPIO_PuPd,PinAttribute,GPIO_Mode
PK7.GPIO_Mode=GPIO_MODE_AF_PP
PK7.GPIO_PuPd=GPIO_NOPULL
PK7.GPIO_Speed=GPIO_SPEED_FREQ_LOW
PK7.Locked=true
PK7.Mode=RGB888
PK7.PinAttribute=CortexA7NS
PK7.Signal=LTDC_DE
PZ4.GPIOParameters=PinAttribute
PZ4.Locked=true
PZ4.Mode=I2C
PZ4.PinAttribute=CortexA7NS
PZ4.Signal=I2C4_SCL
PZ5.GPIOParameters=PinAttribute
PZ5.Locked=true
PZ5.Mode=I2C
PZ5.PinAttribute=CortexA7NS
PZ5.Signal=I2C4_SDA
PinOutPanel.CurrentBGAView=Top
PinOutPanel.RotationAngle=0
ProjectManager.AskForMigrate=true
ProjectManager.BackupPrevious=false
ProjectManager.CompilerLinker=GCC
ProjectManager.CompilerOptimize=6
ProjectManager.ComputerToolchain=false
ProjectManager.CoupleFile=false
ProjectManager.CustomerFirmwarePackage=
ProjectManager.DefaultFWLocation=true
ProjectManager.DeletePrevious=true
ProjectManager.DeviceId=STM32MP157DAAx
ProjectManager.DeviceTreeLocation=
ProjectManager.DeviceTreeLocationCortexM=
ProjectManager.FirmwarePackage=STM32Cube FW_MP1 V1.7.0
ProjectManager.FreePins=false
ProjectManager.HalAssertFull=false
ProjectManager.HeapSize=0x200
ProjectManager.KeepUserCode=true
ProjectManager.LastFirmware=true
ProjectManager.LibraryCopy=0
ProjectManager.MainLocation=Core/Src
ProjectManager.NoMain=false
ProjectManager.PreviousToolchain=
ProjectManager.ProjectBuild=false
ProjectManager.ProjectFileName=STM32MP157DAA1.ioc
ProjectManager.ProjectName=STM32MP157DAA1
ProjectManager.ProjectStructure=
ProjectManager.RegisterCallBack=
ProjectManager.StackSize=0x400
ProjectManager.TargetToolchain=EWARM V9.20
ProjectManager.ToolChainLocation=
ProjectManager.UAScriptAfterPath=
ProjectManager.UAScriptBeforePath=
ProjectManager.UnderRoot=false
ProjectManager.functionlistsort=1-SystemClock_Config-RCC-false-HAL-false,2-MX_GPIO_Init-GPIO-false-HAL-true,3-MX_ETZPC_Init-ETZPC-false-HAL-true,4-MX_IPCC_Init-IPCC-false-HAL-true,0-MX_PWR_Init-PWR-false-HAL-true
RCC.ADCFreq_Value=74250000
RCC.AHB1234Freq_Value=200000000
RCC.APB1DIV=RCC_APB1_DIV2
RCC.APB1Freq_Value=100000000
RCC.APB2DIV=RCC_APB2_DIV2
RCC.APB2Freq_Value=100000000
RCC.APB3DIV=RCC_APB3_DIV2
RCC.APB3Freq_Value=100000000
RCC.APB4DIV=RCC_APB4_DIV2
RCC.APB4Freq_Value=133250000
RCC.APB5DIV=RCC_APB5_DIV4
RCC.APB5DIVClockFreq_Value=66625000
RCC.AXICLKFreq_VALUE=266500000
RCC.AXICLKSource=RCC_AXISSOURCE_PLL2
RCC.AXIDIVFreq_Value=266500000
RCC.CECFreq_Value=32768
RCC.CKPERCLKFreq_VALUE=64000000
RCC.CSI_VALUE=4000000
RCC.CortexFreq_Value=200000000
RCC.DACCLKFreq_VALUE=32000
RCC.DDRCFreq_Value=533000000
RCC.DDRPERFMFreq_Value=533000000
RCC.DDRPHYFreq_Value=533000000
RCC.DFSDFAFreq_Value=74250000
RCC.DFSDMFreq_Value=200000000
RCC.DIVM1=3
RCC.DIVM2=3
RCC.DIVM3=4
RCC.DIVM4=4
RCC.DIVN1=100
RCC.DIVN2=66
RCC.DIVN3=100
RCC.DIVN4=99
RCC.DIVP1Freq_Value=800000000
RCC.DIVP2Freq_Value=266500000
RCC.DIVP3=3
RCC.DIVP3Freq_Value=200000000
RCC.DIVP4=6
RCC.DIVP4Freq_Value=99000000
RCC.DIVQ1Freq_Value=400000000
RCC.DIVQ2Freq_Value=266500000
RCC.DIVQ3Freq_Value=300000000
RCC.DIVQ4=8
RCC.DIVQ4Freq_Value=74250000
RCC.DIVR1Freq_Value=400000000
RCC.DIVR2=1
RCC.DIVR2Freq_Value=533000000
RCC.DIVR3=3
RCC.DIVR3Freq_Value=200000000
RCC.DIVR4=8
RCC.DIVR4Freq_Value=74250000
RCC.DSIFreq_Value=60000000
RCC.DSIPixelFreq_Value=74250000
RCC.DSITXEscFreq_Value=15000000
RCC.DSI_VALUE=60000000
RCC.ETHFreq_Value=99000000
RCC.FDCANFreq_Value=24000000
RCC.FMCFreq_Value=266500000
RCC.FamilyName=M
RCC.HSE_VALUE=24000000
RCC.HSIDivClkFreq_Value=64000000
RCC.HSI_VALUE=64000000
RCC.Hclk5DIVFreq_Value=266500000
RCC.Hclk6DIVFreq_Value=266500000
RCC.I2C12Freq_Value=100000000
RCC.I2C35Freq_Value=100000000
RCC.I2C46Freq_Value=66625000
RCC.IPParameters=ADCFreq_Value,AHB1234Freq_Value,APB1DIV,APB1Freq_Value,APB2DIV,APB2Freq_Value,APB3DIV,APB3Freq_Value,APB4DIV,APB4Freq_Value,APB5DIV,APB5DIVClockFreq_Value,AXICLKFreq_VALUE,AXICLKSource,AXIDIVFreq_Value,CECFreq_Value,CKPERCLKFreq_VALUE,CSI_VALUE,CortexFreq_Value,DACCLKFreq_VALUE,DDRCFreq_Value,DDRPERFMFreq_Value,DDRPHYFreq_Value,DFSDFAFreq_Value,DFSDMFreq_Value,DIVM1,DIVM2,DIVM3,DIVM4,DIVN1,DIVN2,DIVN3,DIVN4,DIVP1Freq_Value,DIVP2Freq_Value,DIVP3,DIVP3Freq_Value,DIVP4,DIVP4Freq_Value,DIVQ1Freq_Value,DIVQ2Freq_Value,DIVQ3Freq_Value,DIVQ4,DIVQ4Freq_Value,DIVR1Freq_Value,DIVR2,DIVR2Freq_Value,DIVR3,DIVR3Freq_Value,DIVR4,DIVR4Freq_Value,DSIFreq_Value,DSIPixelFreq_Value,DSITXEscFreq_Value,DSI_VALUE,ETHFreq_Value,FDCANFreq_Value,FMCFreq_Value,FamilyName,HSE_VALUE,HSIDivClkFreq_Value,HSI_VALUE,Hclk5DIVFreq_Value,Hclk6DIVFreq_Value,I2C12Freq_Value,I2C35Freq_Value,I2C46Freq_Value,LPTIM1Freq_Value,LPTIM23Freq_Value,LPTIM45Freq_Value,LSI_VALUE,LTDCFreq_Value,MCO1PinFreq_Value,MCO2PinFreq_Value,MCUCLKFreq_VALUE,MCUCLKSource,MCUClockFreq_Value,MCUDIVCLKFreq_Value,MPUCLKFreq_VALUE,MPUCLKSource,PLL12Source,PLL1UserDefinedConfig,PLL2FRACV,PLL3FRACV,PLL3Source,PLL4FRACV,PLL4PDSIFreq_Value,PLL4Source,PLLDSIFreq_Value,PLLDSIVCOFreq_Value,PUBLFreq_Value,QSPIFreq_Value,RNG1Freq_Value,RNG2Freq_Value,RTCClockSelection,RTCFreq_Value,SAI1Freq_Value,SAI2Freq_Value,SAI3Freq_Value,SAI4Freq_Value,SDMMC12CLockSelection,SDMMC12Freq_Value,SDMMC3Freq_Value,SPDIFRXFreq_Value,SPI1Freq_Value,SPI23Freq_Value,SPI45Freq_Value,SPI6Freq_Value,STGENFreq_Value,Tim1OutputFreq_Value,Tim2OutputFreq_Value,UART78Freq_Value,USART1Freq_Value,USART24CLockSelection,USART24Freq_Value,USART35Freq_Value,USART6Freq_Value,USBOCLKSource,USBOHSFreq_Value,USBPHYCLKSource,USBPHYFreq_Value,VCO1OutputFreq_Value,VCO2OutputFreq_Value,VCO3OutputFreq_Value,VCO4OutputFreq_Value,VCOInput1Freq_Value,VCOInput2Freq_Value,VCOInput3Freq_Value,VCOInput4Freq_Value
RCC.LPTIM1Freq_Value=100000000
RCC.LPTIM23Freq_Value=100000000
RCC.LPTIM45Freq_Value=100000000
RCC.LSI_VALUE=32000
RCC.LTDCFreq_Value=74250000
RCC.MCO1PinFreq_Value=64000000
RCC.MCO2PinFreq_Value=800000000
RCC.MCUCLKFreq_VALUE=200000000
RCC.MCUCLKSource=RCC_MCUSSOURCE_PLL3
RCC.MCUClockFreq_Value=200000000
RCC.MCUDIVCLKFreq_Value=200000000
RCC.MPUCLKFreq_VALUE=800000000
RCC.MPUCLKSource=RCC_MPUSOURCE_PLL1
RCC.PLL12Source=RCC_PLL12SOURCE_HSE
RCC.PLL1UserDefinedConfig=true
RCC.PLL2FRACV=5120
RCC.PLL3FRACV=0
RCC.PLL3Source=RCC_PLL3SOURCE_HSE
RCC.PLL4FRACV=0
RCC.PLL4PDSIFreq_Value=99000000
RCC.PLL4Source=RCC_PLL4SOURCE_HSE
RCC.PLLDSIFreq_Value=480000000
RCC.PLLDSIVCOFreq_Value=960000000
RCC.PUBLFreq_Value=533000000
RCC.QSPIFreq_Value=266500000
RCC.RNG1Freq_Value=4000000
RCC.RNG2Freq_Value=4000000
RCC.RTCClockSelection=RCC_RTCCLKSOURCE_LSE
RCC.RTCFreq_Value=32768
RCC.SAI1Freq_Value=74250000
RCC.SAI2Freq_Value=74250000
RCC.SAI3Freq_Value=74250000
RCC.SAI4Freq_Value=74250000
RCC.SDMMC12CLockSelection=RCC_SDMMC12CLKSOURCE_PLL3
RCC.SDMMC12Freq_Value=200000000
RCC.SDMMC3Freq_Value=200000000
RCC.SPDIFRXFreq_Value=99000000
RCC.SPI1Freq_Value=99000000
RCC.SPI23Freq_Value=99000000
RCC.SPI45Freq_Value=100000000
RCC.SPI6Freq_Value=66625000
RCC.STGENFreq_Value=64000000
RCC.Tim1OutputFreq_Value=200000000
RCC.Tim2OutputFreq_Value=200000000
RCC.UART78Freq_Value=100000000
RCC.USART1Freq_Value=66625000
RCC.USART24CLockSelection=RCC_UART24CLKSOURCE_HSI
RCC.USART24Freq_Value=64000000
RCC.USART35Freq_Value=100000000
RCC.USART6Freq_Value=100000000
RCC.USBOCLKSource=RCC_USBOCLKSOURCE_PHY
RCC.USBOHSFreq_Value=48000000
RCC.USBPHYCLKSource=RCC_USBPHYCLKSOURCE_HSE
RCC.USBPHYFreq_Value=24000000
RCC.VCO1OutputFreq_Value=1600000000
RCC.VCO2OutputFreq_Value=1066000000
RCC.VCO3OutputFreq_Value=600000000
RCC.VCO4OutputFreq_Value=594000000
RCC.VCOInput1Freq_Value=8000000
RCC.VCOInput2Freq_Value=8000000
RCC.VCOInput3Freq_Value=6000000
RCC.VCOInput4Freq_Value=6000000
SH.S_TIM4_CH2.0=TIM4_CH2,PWM Generation2 CH2
SH.S_TIM4_CH2.ConfNb=1
TIM4.Channel-PWM\ Generation2\ CH2=TIM_CHANNEL_2
TIM4.IPParameters=Channel-PWM Generation2 CH2
USB_DM1.GPIOParameters=PinAttribute
USB_DM1.Mode=Enable
USB_DM1.PinAttribute=CortexA7NS
USB_DM1.Signal=USBH_HS1_DM
USB_DM2.GPIOParameters=PinAttribute
USB_DM2.Mode=Ext_Phy_OTG/Dual-Role-Device-TypeC
USB_DM2.PinAttribute=CortexA7NS
USB_DM2.Signal=USB_OTG_HS_DM
USB_DP1.GPIOParameters=PinAttribute
USB_DP1.Mode=Enable
USB_DP1.PinAttribute=CortexA7NS
USB_DP1.Signal=USBH_HS1_DP
USB_DP2.GPIOParameters=PinAttribute
USB_DP2.Mode=Ext_Phy_OTG/Dual-Role-Device-TypeC
USB_DP2.PinAttribute=CortexA7NS
USB_DP2.Signal=USB_OTG_HS_DP
VP_BSEC_VS_BSEC.Mode=BSEC_Activate
VP_BSEC_VS_BSEC.Signal=BSEC_VS_BSEC
VP_DDR_DDR3.Mode=DDR3
VP_DDR_DDR3.Signal=DDR_DDR3
VP_DDR_DDR3_32_8Gb.Mode=8Gb_32bits
VP_DDR_DDR3_32_8Gb.Signal=DDR_DDR3_32_8Gb
VP_DDR_DDR_32_bits.Mode=32bits
VP_DDR_DDR_32_bits.Signal=DDR_DDR_32_bits
VP_DMA_VS_DMA1_A7NS.Mode=CortexA7NS
VP_DMA_VS_DMA1_A7NS.Signal=DMA_VS_DMA1_A7NS
VP_DMA_VS_DMA2_M4.Mode=CortexM4
VP_DMA_VS_DMA2_M4.Signal=DMA_VS_DMA2_M4
VP_ETZPC_VS_ETZPC.Mode=ETZPC_Activate
VP_ETZPC_VS_ETZPC.Signal=ETZPC_VS_ETZPC
VP_GPU_VS_GPU.Mode=GPU_Activate
VP_GPU_VS_GPU.Signal=GPU_VS_GPU
VP_IPCC_VS_IPCC.Mode=IPCC_Activate
VP_IPCC_VS_IPCC.Signal=IPCC_VS_IPCC
VP_MDMA_VS_MDMA_A7NS_8.Mode=8\:8
VP_MDMA_VS_MDMA_A7NS_8.Signal=MDMA_VS_MDMA_A7NS_8
VP_PWR_V_PVD_IN.Mode=Mode_PVD_Int
VP_PWR_V_PVD_IN.Signal=PWR_V_PVD_IN
VP_RNG1_VS_RNG.Mode=RNG_Activate
VP_RNG1_VS_RNG.Signal=RNG1_VS_RNG
VP_RTC_VS_RTC_Activate.Mode=RTC_Enabled
VP_RTC_VS_RTC_Activate.Signal=RTC_VS_RTC_Activate
VP_SYS_VS_Systick.Mode=SysTick
VP_SYS_VS_Systick.Signal=SYS_VS_Systick
VP_TAMP_VS_TAMP_Activate.Mode=TAMP_Enabled
VP_TAMP_VS_TAMP_Activate.Signal=TAMP_VS_TAMP_Activate
board=custom
